// !$*UTF8*$!
{
	archiveVersion = 1;
	classes = {
	};
	objectVersion = 46;
	objects = {

/* Begin PBXBuildFile section */
		4137B1511CC52ECA00EBB10B /* AppDelegate.swift in Sources */ = {isa = PBXBuildFile; fileRef = 4137B1501CC52ECA00EBB10B /* AppDelegate.swift */; };
		4137B1531CC52ECA00EBB10B /* ViewController.swift in Sources */ = {isa = PBXBuildFile; fileRef = 4137B1521CC52ECA00EBB10B /* ViewController.swift */; };
		4137B1561CC52ECA00EBB10B /* Main.storyboard in Resources */ = {isa = PBXBuildFile; fileRef = 4137B1541CC52ECA00EBB10B /* Main.storyboard */; };
		4137B1581CC52ECA00EBB10B /* Assets.xcassets in Resources */ = {isa = PBXBuildFile; fileRef = 4137B1571CC52ECA00EBB10B /* Assets.xcassets */; };
		4137B15B1CC52ECA00EBB10B /* LaunchScreen.storyboard in Resources */ = {isa = PBXBuildFile; fileRef = 4137B1591CC52ECA00EBB10B /* LaunchScreen.storyboard */; };
		4137B1661CC52ECA00EBB10B /* FirstKadaiAppTests.swift in Sources */ = {isa = PBXBuildFile; fileRef = 4137B1651CC52ECA00EBB10B /* FirstKadaiAppTests.swift */; };
		4137B1711CC52ECB00EBB10B /* FirstKadaiAppUITests.swift in Sources */ = {isa = PBXBuildFile; fileRef = 4137B1701CC52ECB00EBB10B /* FirstKadaiAppUITests.swift */; };
/* End PBXBuildFile section */

/* Begin PBXContainerItemProxy section */
		4137B1621CC52ECA00EBB10B /* PBXContainerItemProxy */ = {
			isa = PBXContainerItemProxy;
			containerPortal = 4137B1451CC52ECA00EBB10B /* Project object */;
			proxyType = 1;
			remoteGlobalIDString = 4137B14C1CC52ECA00EBB10B;
			remoteInfo = FirstKadaiApp;
		};
		4137B16D1CC52ECB00EBB10B /* PBXContainerItemProxy */ = {
			isa = PBXContainerItemProxy;
			containerPortal = 4137B1451CC52ECA00EBB10B /* Project object */;
			proxyType = 1;
			remoteGlobalIDString = 4137B14C1CC52ECA00EBB10B;
			remoteInfo = FirstKadaiApp;
		};
/* End PBXContainerItemProxy section */

/* Begin PBXFileReference section */
		4137B14D1CC52ECA00EBB10B /* FirstKadaiApp.app */ = {isa = PBXFileReference; explicitFileType = wrapper.application; includeInIndex = 0; path = FirstKadaiApp.app; sourceTree = BUILT_PRODUCTS_DIR; };
		4137B1501CC52ECA00EBB10B /* AppDelegate.swift */ = {isa = PBXFileReference; lastKnownFileType = sourcecode.swift; path = AppDelegate.swift; sourceTree = "<group>"; };
		4137B1521CC52ECA00EBB10B /* ViewController.swift */ = {isa = PBXFileReference; lastKnownFileType = sourcecode.swift; path = ViewController.swift; sourceTree = "<group>"; };
		4137B1551CC52ECA00EBB10B /* Base */ = {isa = PBXFileReference; lastKnownFileType = file.storyboard; name = Base; path = Base.lproj/Main.storyboard; sourceTree = "<group>"; };
		4137B1571CC52ECA00EBB10B /* Assets.xcassets */ = {isa = PBXFileReference; lastKnownFileType = folder.assetcatalog; path = Assets.xcassets; sourceTree = "<group>"; };
		4137B15A1CC52ECA00EBB10B /* Base */ = {isa = PBXFileReference; lastKnownFileType = file.storyboard; name = Base; path = Base.lproj/LaunchScreen.storyboard; sourceTree = "<group>"; };
		4137B15C1CC52ECA00EBB10B /* Info.plist */ = {isa = PBXFileReference; lastKnownFileType = text.plist.xml; path = Info.plist; sourceTree = "<group>"; };
		4137B1611CC52ECA00EBB10B /* FirstKadaiAppTests.xctest */ = {isa = PBXFileReference; explicitFileType = wrapper.cfbundle; includeInIndex = 0; path = FirstKadaiAppTests.xctest; sourceTree = BUILT_PRODUCTS_DIR; };
		4137B1651CC52ECA00EBB10B /* FirstKadaiAppTests.swift */ = {isa = PBXFileReference; lastKnownFileType = sourcecode.swift; path = FirstKadaiAppTests.swift; sourceTree = "<group>"; };
		4137B1671CC52ECA00EBB10B /* Info.plist */ = {isa = PBXFileReference; lastKnownFileType = text.plist.xml; path = Info.plist; sourceTree = "<group>"; };
		4137B16C1CC52ECB00EBB10B /* FirstKadaiAppUITests.xctest */ = {isa = PBXFileReference; explicitFileType = wrapper.cfbundle; includeInIndex = 0; path = FirstKadaiAppUITests.xctest; sourceTree = BUILT_PRODUCTS_DIR; };
		4137B1701CC52ECB00EBB10B /* FirstKadaiAppUITests.swift */ = {isa = PBXFileReference; lastKnownFileType = sourcecode.swift; path = FirstKadaiAppUITests.swift; sourceTree = "<group>"; };
		4137B1721CC52ECB00EBB10B /* Info.plist */ = {isa = PBXFileReference; lastKnownFileType = text.plist.xml; path = Info.plist; sourceTree = "<group>"; };
/* End PBXFileReference section */

/* Begin PBXFrameworksBuildPhase section */
		4137B14A1CC52ECA00EBB10B /* Frameworks */ = {
			isa = PBXFrameworksBuildPhase;
			buildActionMask = 2147483647;
			files = (
			);
			runOnlyForDeploymentPostprocessing = 0;
		};
		4137B15E1CC52ECA00EBB10B /* Frameworks */ = {
			isa = PBXFrameworksBuildPhase;
			buildActionMask = 2147483647;
			files = (
			);
			runOnlyForDeploymentPostprocessing = 0;
		};
		4137B1691CC52ECB00EBB10B /* Frameworks */ = {
			isa = PBXFrameworksBuildPhase;
			buildActionMask = 2147483647;
			files = (
			);
			runOnlyForDeploymentPostprocessing = 0;
		};
/* End PBXFrameworksBuildPhase section */

/* Begin PBXGroup section */
		4137B1441CC52ECA00EBB10B = {
			isa = PBXGroup;
			children = (
				4137B14F1CC52ECA00EBB10B /* FirstKadaiApp */,
				4137B1641CC52ECA00EBB10B /* FirstKadaiAppTests */,
				4137B16F1CC52ECB00EBB10B /* FirstKadaiAppUITests */,
				4137B14E1CC52ECA00EBB10B /* Products */,
			);
			sourceTree = "<group>";
		};
		4137B14E1CC52ECA00EBB10B /* Products */ = {
			isa = PBXGroup;
			children = (
				4137B14D1CC52ECA00EBB10B /* FirstKadaiApp.app */,
				4137B1611CC52ECA00EBB10B /* FirstKadaiAppTests.xctest */,
				4137B16C1CC52ECB00EBB10B /* FirstKadaiAppUITests.xctest */,
			);
			name = Products;
			sourceTree = "<group>";
		};
		4137B14F1CC52ECA00EBB10B /* FirstKadaiApp */ = {
			isa = PBXGroup;
			children = (
				4137B1501CC52ECA00EBB10B /* AppDelegate.swift */,
				4137B1521CC52ECA00EBB10B /* ViewController.swift */,
				4137B1541CC52ECA00EBB10B /* Main.storyboard */,
				4137B1571CC52ECA00EBB10B /* Assets.xcassets */,
				4137B1591CC52ECA00EBB10B /* LaunchScreen.storyboard */,
				4137B15C1CC52ECA00EBB10B /* Info.plist */,
			);
			path = FirstKadaiApp;
			sourceTree = "<group>";
		};
		4137B1641CC52ECA00EBB10B /* FirstKadaiAppTests */ = {
			isa = PBXGroup;
			children = (
				4137B1651CC52ECA00EBB10B /* FirstKadaiAppTests.swift */,
				4137B1671CC52ECA00EBB10B /* Info.plist */,
			);
			path = FirstKadaiAppTests;
			sourceTree = "<group>";
		};
		4137B16F1CC52ECB00EBB10B /* FirstKadaiAppUITests */ = {
			isa = PBXGroup;
			children = (
				4137B1701CC52ECB00EBB10B /* FirstKadaiAppUITests.swift */,
				4137B1721CC52ECB00EBB10B /* Info.plist */,
			);
			path = FirstKadaiAppUITests;
			sourceTree = "<group>";
		};
/* End PBXGroup section */

/* Begin PBXNativeTarget section */
		4137B14C1CC52ECA00EBB10B /* FirstKadaiApp */ = {
			isa = PBXNativeTarget;
			buildConfigurationList = 4137B1751CC52ECB00EBB10B /* Build configuration list for PBXNativeTarget "FirstKadaiApp" */;
			buildPhases = (
				4137B1491CC52ECA00EBB10B /* Sources */,
				4137B14A1CC52ECA00EBB10B /* Frameworks */,
				4137B14B1CC52ECA00EBB10B /* Resources */,
			);
			buildRules = (
			);
			dependencies = (
			);
			name = FirstKadaiApp;
			productName = FirstKadaiApp;
			productReference = 4137B14D1CC52ECA00EBB10B /* FirstKadaiApp.app */;
			productType = "com.apple.product-type.application";
		};
		4137B1601CC52ECA00EBB10B /* FirstKadaiAppTests */ = {
			isa = PBXNativeTarget;
			buildConfigurationList = 4137B1781CC52ECB00EBB10B /* Build configuration list for PBXNativeTarget "FirstKadaiAppTests" */;
			buildPhases = (
				4137B15D1CC52ECA00EBB10B /* Sources */,
				4137B15E1CC52ECA00EBB10B /* Frameworks */,
				4137B15F1CC52ECA00EBB10B /* Resources */,
			);
			buildRules = (
			);
			dependencies = (
				4137B1631CC52ECA00EBB10B /* PBXTargetDependency */,
			);
			name = FirstKadaiAppTests;
			productName = FirstKadaiAppTests;
			productReference = 4137B1611CC52ECA00EBB10B /* FirstKadaiAppTests.xctest */;
			productType = "com.apple.product-type.bundle.unit-test";
		};
		4137B16B1CC52ECB00EBB10B /* FirstKadaiAppUITests */ = {
			isa = PBXNativeTarget;
			buildConfigurationList = 4137B17B1CC52ECB00EBB10B /* Build configuration list for PBXNativeTarget "FirstKadaiAppUITests" */;
			buildPhases = (
				4137B1681CC52ECB00EBB10B /* Sources */,
				4137B1691CC52ECB00EBB10B /* Frameworks */,
				4137B16A1CC52ECB00EBB10B /* Resources */,
			);
			buildRules = (
			);
			dependencies = (
				4137B16E1CC52ECB00EBB10B /* PBXTargetDependency */,
			);
			name = FirstKadaiAppUITests;
			productName = FirstKadaiAppUITests;
			productReference = 4137B16C1CC52ECB00EBB10B /* FirstKadaiAppUITests.xctest */;
			productType = "com.apple.product-type.bundle.ui-testing";
		};
/* End PBXNativeTarget section */

/* Begin PBXProject section */
		4137B1451CC52ECA00EBB10B /* Project object */ = {
			isa = PBXProject;
			attributes = {
				LastSwiftUpdateCheck = 0730;
				LastUpgradeCheck = 0730;
				ORGANIZATIONNAME = "古矢隼";
				TargetAttributes = {
					4137B14C1CC52ECA00EBB10B = {
						CreatedOnToolsVersion = 7.3;
					};
					4137B1601CC52ECA00EBB10B = {
						CreatedOnToolsVersion = 7.3;
						TestTargetID = 4137B14C1CC52ECA00EBB10B;
					};
					4137B16B1CC52ECB00EBB10B = {
						CreatedOnToolsVersion = 7.3;
						TestTargetID = 4137B14C1CC52ECA00EBB10B;
					};
				};
			};
			buildConfigurationList = 4137B1481CC52ECA00EBB10B /* Build configuration list for PBXProject "FirstKadaiApp" */;
			compatibilityVersion = "Xcode 3.2";
			developmentRegion = English;
			hasScannedForEncodings = 0;
			knownRegions = (
				en,
				Base,
			);
			mainGroup = 4137B1441CC52ECA00EBB10B;
			productRefGroup = 4137B14E1CC52ECA00EBB10B /* Products */;
			projectDirPath = "";
			projectRoot = "";
			targets = (
				4137B14C1CC52ECA00EBB10B /* FirstKadaiApp */,
				4137B1601CC52ECA00EBB10B /* FirstKadaiAppTests */,
				4137B16B1CC52ECB00EBB10B /* FirstKadaiAppUITests */,
			);
		};
/* End PBXProject section */

/* Begin PBXResourcesBuildPhase section */
		4137B14B1CC52ECA00EBB10B /* Resources */ = {
			isa = PBXResourcesBuildPhase;
			buildActionMask = 2147483647;
			files = (
				4137B15B1CC52ECA00EBB10B /* LaunchScreen.storyboard in Resources */,
				4137B1581CC52ECA00EBB10B /* Assets.xcassets in Resources */,
				4137B1561CC52ECA00EBB10B /* Main.storyboard in Resources */,
			);
			runOnlyForDeploymentPostprocessing = 0;
		};
		4137B15F1CC52ECA00EBB10B /* Resources */ = {
			isa = PBXResourcesBuildPhase;
			buildActionMask = 2147483647;
			files = (
			);
			runOnlyForDeploymentPostprocessing = 0;
		};
		4137B16A1CC52ECB00EBB10B /* Resources */ = {
			isa = PBXResourcesBuildPhase;
			buildActionMask = 2147483647;
			files = (
			);
			runOnlyForDeploymentPostprocessing = 0;
		};
/* End PBXResourcesBuildPhase section */

/* Begin PBXSourcesBuildPhase section */
		4137B1491CC52ECA00EBB10B /* Sources */ = {
			isa = PBXSourcesBuildPhase;
			buildActionMask = 2147483647;
			files = (
				4137B1531CC52ECA00EBB10B /* ViewController.swift in Sources */,
				4137B1511CC52ECA00EBB10B /* AppDelegate.swift in Sources */,
			);
			runOnlyForDeploymentPostprocessing = 0;
		};
		4137B15D1CC52ECA00EBB10B /* Sources */ = {
			isa = PBXSourcesBuildPhase;
			buildActionMask = 2147483647;
			files = (
				4137B1661CC52ECA00EBB10B /* FirstKadaiAppTests.swift in Sources */,
			);
			runOnlyForDeploymentPostprocessing = 0;
		};
		4137B1681CC52ECB00EBB10B /* Sources */ = {
			isa = PBXSourcesBuildPhase;
			buildActionMask = 2147483647;
			files = (
				4137B1711CC52ECB00EBB10B /* FirstKadaiAppUITests.swift in Sources */,
			);
			runOnlyForDeploymentPostprocessing = 0;
		};
/* End PBXSourcesBuildPhase section */

/* Begin PBXTargetDependency section */
		4137B1631CC52ECA00EBB10B /* PBXTargetDependency */ = {
			isa = PBXTargetDependency;
			target = 4137B14C1CC52ECA00EBB10B /* FirstKadaiApp */;
			targetProxy = 4137B1621CC52ECA00EBB10B /* PBXContainerItemProxy */;
		};
		4137B16E1CC52ECB00EBB10B /* PBXTargetDependency */ = {
			isa = PBXTargetDependency;
			target = 4137B14C1CC52ECA00EBB10B /* FirstKadaiApp */;
			targetProxy = 4137B16D1CC52ECB00EBB10B /* PBXContainerItemProxy */;
		};
/* End PBXTargetDependency section */

/* Begin PBXVariantGroup section */
		4137B1541CC52ECA00EBB10B /* Main.storyboard */ = {
			isa = PBXVariantGroup;
			children = (
				4137B1551CC52ECA00EBB10B /* Base */,
			);
			name = Main.storyboard;
			sourceTree = "<group>";
		};
		4137B1591CC52ECA00EBB10B /* LaunchScreen.storyboard */ = {
			isa = PBXVariantGroup;
			children = (
				4137B15A1CC52ECA00EBB10B /* Base */,
			);
			name = LaunchScreen.storyboard;
			sourceTree = "<group>";
		};
/* End PBXVariantGroup section */

/* Begin XCBuildConfiguration section */
		4137B1731CC52ECB00EBB10B /* Debug */ = {
			isa = XCBuildConfiguration;
			buildSettings = {
				ALWAYS_SEARCH_USER_PATHS = NO;
				CLANG_ANALYZER_NONNULL = YES;
				CLANG_CXX_LANGUAGE_STANDARD = "gnu++0x";
				CLANG_CXX_LIBRARY = "libc++";
				CLANG_ENABLE_MODULES = YES;
				CLANG_ENABLE_OBJC_ARC = YES;
				CLANG_WARN_BOOL_CONVERSION = YES;
				CLANG_WARN_CONSTANT_CONVERSION = YES;
				CLANG_WARN_DIRECT_OBJC_ISA_USAGE = YES_ERROR;
				CLANG_WARN_EMPTY_BODY = YES;
				CLANG_WARN_ENUM_CONVERSION = YES;
				CLANG_WARN_INT_CONVERSION = YES;
				CLANG_WARN_OBJC_ROOT_CLASS = YES_ERROR;
				CLANG_WARN_UNREACHABLE_CODE = YES;
				CLANG_WARN__DUPLICATE_METHOD_MATCH = YES;
				"CODE_SIGN_IDENTITY[sdk=iphoneos*]" = "iPhone Developer";
				COPY_PHASE_STRIP = NO;
				DEBUG_INFORMATION_FORMAT = dwarf;
				ENABLE_STRICT_OBJC_MSGSEND = YES;
				ENABLE_TESTABILITY = YES;
				GCC_C_LANGUAGE_STANDARD = gnu99;
				GCC_DYNAMIC_NO_PIC = NO;
				GCC_NO_COMMON_BLOCKS = YES;
				GCC_OPTIMIZATION_LEVEL = 0;
				GCC_PREPROCESSOR_DEFINITIONS = (
					"DEBUG=1",
					"$(inherited)",
				);
				GCC_WARN_64_TO_32_BIT_CONVERSION = YES;
				GCC_WARN_ABOUT_RETURN_TYPE = YES_ERROR;
				GCC_WARN_UNDECLARED_SELECTOR = YES;
				GCC_WARN_UNINITIALIZED_AUTOS = YES_AGGRESSIVE;
				GCC_WARN_UNUSED_FUNCTION = YES;
				GCC_WARN_UNUSED_VARIABLE = YES;
				IPHONEOS_DEPLOYMENT_TARGET = 9.3;
				MTL_ENABLE_DEBUG_INFO = YES;
				ONLY_ACTIVE_ARCH = YES;
				SDKROOT = iphoneos;
				SWIFT_OPTIMIZATION_LEVEL = "-Onone";
			};
			name = Debug;
		};
		4137B1741CC52ECB00EBB10B /* Release */ = {
			isa = XCBuildConfiguration;
			buildSettings = {
				ALWAYS_SEARCH_USER_PATHS = NO;
				CLANG_ANALYZER_NONNULL = YES;
				CLANG_CXX_LANGUAGE_STANDARD = "gnu++0x";
				CLANG_CXX_LIBRARY = "libc++";
				CLANG_ENABLE_MODULES = YES;
				CLANG_ENABLE_OBJC_ARC = YES;
				CLANG_WARN_BOOL_CONVERSION = YES;
				CLANG_WARN_CONSTANT_CONVERSION = YES;
				CLANG_WARN_DIRECT_OBJC_ISA_USAGE = YES_ERROR;
				CLANG_WARN_EMPTY_BODY = YES;
				CLANG_WARN_ENUM_CONVERSION = YES;
				CLANG_WARN_INT_CONVERSION = YES;
				CLANG_WARN_OBJC_ROOT_CLASS = YES_ERROR;
				CLANG_WARN_UNREACHABLE_CODE = YES;
				CLANG_WARN__DUPLICATE_METHOD_MATCH = YES;
				"CODE_SIGN_IDENTITY[sdk=iphoneos*]" = "iPhone Developer";
				COPY_PHASE_STRIP = NO;
				DEBUG_INFORMATION_FORMAT = "dwarf-with-dsym";
				ENABLE_NS_ASSERTIONS = NO;
				ENABLE_STRICT_OBJC_MSGSEND = YES;
				GCC_C_LANGUAGE_STANDARD = gnu99;
				GCC_NO_COMMON_BLOCKS = YES;
				GCC_WARN_64_TO_32_BIT_CONVERSION = YES;
				GCC_WARN_ABOUT_RETURN_TYPE = YES_ERROR;
				GCC_WARN_UNDECLARED_SELECTOR = YES;
				GCC_WARN_UNINITIALIZED_AUTOS = YES_AGGRESSIVE;
				GCC_WARN_UNUSED_FUNCTION = YES;
				GCC_WARN_UNUSED_VARIABLE = YES;
				IPHONEOS_DEPLOYMENT_TARGET = 9.3;
				MTL_ENABLE_DEBUG_INFO = NO;
				SDKROOT = iphoneos;
				VALIDATE_PRODUCT = YES;
			};
			name = Release;
		};
		4137B1761CC52ECB00EBB10B /* Debug */ = {
			isa = XCBuildConfiguration;
			buildSettings = {
				ASSETCATALOG_COMPILER_APPICON_NAME = AppIcon;
				INFOPLIST_FILE = FirstKadaiApp/Info.plist;
				LD_RUNPATH_SEARCH_PATHS = "$(inherited) @executable_path/Frameworks";
				PRODUCT_BUNDLE_IDENTIFIER = jp.techacademy.shun.furuya.FirstKadaiApp;
				PRODUCT_NAME = "$(TARGET_NAME)";
			};
			name = Debug;
		};
		4137B1771CC52ECB00EBB10B /* Release */ = {
			isa = XCBuildConfiguration;
			buildSettings = {
				ASSETCATALOG_COMPILER_APPICON_NAME = AppIcon;
				INFOPLIST_FILE = FirstKadaiApp/Info.plist;
				LD_RUNPATH_SEARCH_PATHS = "$(inherited) @executable_path/Frameworks";
				PRODUCT_BUNDLE_IDENTIFIER = jp.techacademy.shun.furuya.FirstKadaiApp;
				PRODUCT_NAME = "$(TARGET_NAME)";
			};
			name = Release;
		};
		4137B1791CC52ECB00EBB10B /* Debug */ = {
			isa = XCBuildConfiguration;
			buildSettings = {
				BUNDLE_LOADER = "$(TEST_HOST)";
				INFOPLIST_FILE = FirstKadaiAppTests/Info.plist;
				LD_RUNPATH_SEARCH_PATHS = "$(inherited) @executable_path/Frameworks @loader_path/Frameworks";
				PRODUCT_BUNDLE_IDENTIFIER = jp.techacademy.shun.furuya.FirstKadaiAppTests;
				PRODUCT_NAME = "$(TARGET_NAME)";
				TEST_HOST = "$(BUILT_PRODUCTS_DIR)/FirstKadaiApp.app/FirstKadaiApp";
			};
			name = Debug;
		};
		4137B17A1CC52ECB00EBB10B /* Release */ = {
			isa = XCBuildConfiguration;
			buildSettings = {
				BUNDLE_LOADER = "$(TEST_HOST)";
				INFOPLIST_FILE = FirstKadaiAppTests/Info.plist;
				LD_RUNPATH_SEARCH_PATHS = "$(inherited) @executable_path/Frameworks @loader_path/Frameworks";
				PRODUCT_BUNDLE_IDENTIFIER = jp.techacademy.shun.furuya.FirstKadaiAppTests;
				PRODUCT_NAME = "$(TARGET_NAME)";
				TEST_HOST = "$(BUILT_PRODUCTS_DIR)/FirstKadaiApp.app/FirstKadaiApp";
			};
			name = Release;
		};
		4137B17C1CC52ECB00EBB10B /* Debug */ = {
			isa = XCBuildConfiguration;
			buildSettings = {
				INFOPLIST_FILE = FirstKadaiAppUITests/Info.plist;
				LD_RUNPATH_SEARCH_PATHS = "$(inherited) @executable_path/Frameworks @loader_path/Frameworks";
				PRODUCT_BUNDLE_IDENTIFIER = jp.techacademy.shun.furuya.FirstKadaiAppUITests;
				PRODUCT_NAME = "$(TARGET_NAME)";
				TEST_TARGET_NAME = FirstKadaiApp;
			};
			name = Debug;
		};
		4137B17D1CC52ECB00EBB10B /* Release */ = {
			isa = XCBuildConfiguration;
			buildSettings = {
				INFOPLIST_FILE = FirstKadaiAppUITests/Info.plist;
				LD_RUNPATH_SEARCH_PATHS = "$(inherited) @executable_path/Frameworks @loader_path/Frameworks";
				PRODUCT_BUNDLE_IDENTIFIER = jp.techacademy.shun.furuya.FirstKadaiAppUITests;
				PRODUCT_NAME = "$(TARGET_NAME)";
				TEST_TARGET_NAME = FirstKadaiApp;
			};
			name = Release;
		};
/* End XCBuildConfiguration section */

/* Begin XCConfigurationList section */
		4137B1481CC52ECA00EBB10B /* Build configuration list for PBXProject "FirstKadaiApp" */ = {
			isa = XCConfigurationList;
			buildConfigurations = (
				4137B1731CC52ECB00EBB10B /* Debug */,
				4137B1741CC52ECB00EBB10B /* Release */,
			);
			defaultConfigurationIsVisible = 0;
			defaultConfigurationName = Release;
		};
		4137B1751CC52ECB00EBB10B /* Build configuration list for PBXNativeTarget "FirstKadaiApp" */ = {
			isa = XCConfigurationList;
			buildConfigurations = (
				4137B1761CC52ECB00EBB10B /* Debug */,
				4137B1771CC52ECB00EBB10B /* Release */,
			);
			defaultConfigurationIsVisible = 0;
		};
		4137B1781CC52ECB00EBB10B /* Build configuration list for PBXNativeTarget "FirstKadaiAppTests" */ = {
			isa = XCConfigurationList;
			buildConfigurations = (
				4137B1791CC52ECB00EBB10B /* Debug */,
				4137B17A1CC52ECB00EBB10B /* Release */,
			);
			defaultConfigurationIsVisible = 0;
		};
		4137B17B1CC52ECB00EBB10B /* Build configuration list for PBXNativeTarget "FirstKadaiAppUITests" */ = {
			isa = XCConfigurationList;
			buildConfigurations = (
				4137B17C1CC52ECB00EBB10B /* Debug */,
				4137B17D1CC52ECB00EBB10B /* Release */,
			);
			defaultConfigurationIsVisible = 0;
		};
/* End XCConfigurationList section */
	};
	rootObject = 4137B1451CC52ECA00EBB10B /* Project object */;
}
